
Microsoft Visual Studio Solution File, Format Version 12.00
# Visual Studio Version 17
VisualStudioVersion = 17.1.32319.34
MinimumVisualStudioVersion = 10.0.40219.1
Project("{9A19103F-16F7-4668-BE54-9A1E7A4F7556}") = "WebApiProducts", "Ecommerce\Services\WebApiProducts\WebApiProducts\WebApiProducts.csproj", "{25CEE4F1-9915-42F9-8288-CBD528F98226}"
EndProject
Project("{9A19103F-16F7-4668-BE54-9A1E7A4F7556}") = "Products.Core", "Ecommerce\Services\WebApiProducts\Products.Core\Products.Core.csproj", "{05FB10EB-4985-442A-B7D3-7AF92F27E33A}"
EndProject
Project("{9A19103F-16F7-4668-BE54-9A1E7A4F7556}") = "Products.Infraestructure", "Ecommerce\Services\WebApiProducts\Products.Infraestructure\Products.Infraestructure.csproj", "{1704181B-B874-4D4D-9B43-274CCF4D4780}"
EndProject
Project("{FAE04EC0-301F-11D3-BF4B-00C04F79EFBC}") = "WebApiProductsTest", "Ecommerce\Services\WebApiProducts\WebApiProductsTest\WebApiProductsTest.csproj", "{E539878A-B7BB-4673-93FD-83A6ABD664BB}"
EndProject
Global
	GlobalSection(SolutionConfigurationPlatforms) = preSolution
		Debug|Any CPU = Debug|Any CPU
		Release|Any CPU = Release|Any CPU
	EndGlobalSection
	GlobalSection(ProjectConfigurationPlatforms) = postSolution
		{25CEE4F1-9915-42F9-8288-CBD528F98226}.Debug|Any CPU.ActiveCfg = Debug|Any CPU
		{25CEE4F1-9915-42F9-8288-CBD528F98226}.Debug|Any CPU.Build.0 = Debug|Any CPU
		{25CEE4F1-9915-42F9-8288-CBD528F98226}.Release|Any CPU.ActiveCfg = Release|Any CPU
		{25CEE4F1-9915-42F9-8288-CBD528F98226}.Release|Any CPU.Build.0 = Release|Any CPU
		{05FB10EB-4985-442A-B7D3-7AF92F27E33A}.Debug|Any CPU.ActiveCfg = Debug|Any CPU
		{05FB10EB-4985-442A-B7D3-7AF92F27E33A}.Debug|Any CPU.Build.0 = Debug|Any CPU
		{05FB10EB-4985-442A-B7D3-7AF92F27E33A}.Release|Any CPU.ActiveCfg = Release|Any CPU
		{05FB10EB-4985-442A-B7D3-7AF92F27E33A}.Release|Any CPU.Build.0 = Release|Any CPU
		{1704181B-B874-4D4D-9B43-274CCF4D4780}.Debug|Any CPU.ActiveCfg = Debug|Any CPU
		{1704181B-B874-4D4D-9B43-274CCF4D4780}.Debug|Any CPU.Build.0 = Debug|Any CPU
		{1704181B-B874-4D4D-9B43-274CCF4D4780}.Release|Any CPU.ActiveCfg = Release|Any CPU
		{1704181B-B874-4D4D-9B43-274CCF4D4780}.Release|Any CPU.Build.0 = Release|Any CPU
		{E539878A-B7BB-4673-93FD-83A6ABD664BB}.Debug|Any CPU.ActiveCfg = Debug|Any CPU
		{E539878A-B7BB-4673-93FD-83A6ABD664BB}.Debug|Any CPU.Build.0 = Debug|Any CPU
		{E539878A-B7BB-4673-93FD-83A6ABD664BB}.Release|Any CPU.ActiveCfg = Release|Any CPU
		{E539878A-B7BB-4673-93FD-83A6ABD664BB}.Release|Any CPU.Build.0 = Release|Any CPU
	EndGlobalSection
	GlobalSection(SolutionProperties) = preSolution
		HideSolutionNode = FALSE
	EndGlobalSection
	GlobalSection(ExtensibilityGlobals) = postSolution
		SolutionGuid = {C5204189-9475-4348-AB7F-5D18F385BD77}
	EndGlobalSection
EndGlobal
